// !$*UTF8*$!
{
	archiveVersion = 1;
	classes = {
	};
	objectVersion = 51;
	objects = {

/* Begin PBXBuildFile section */
		0043453E254823FE009A6166 /* TSAPIClient.swift in Sources */ = {isa = PBXBuildFile; fileRef = 0043453A254823FE009A6166 /* TSAPIClient.swift */; };
		0043453F254823FE009A6166 /* ApiResponseHandler.swift in Sources */ = {isa = PBXBuildFile; fileRef = 0043453B254823FE009A6166 /* ApiResponseHandler.swift */; };
		00434540254823FE009A6166 /* ApiClient.swift in Sources */ = {isa = PBXBuildFile; fileRef = 0043453C254823FE009A6166 /* ApiClient.swift */; };
		00434541254823FE009A6166 /* ApiClientHandler.swift in Sources */ = {isa = PBXBuildFile; fileRef = 0043453D254823FE009A6166 /* ApiClientHandler.swift */; };
		00434544254825AE009A6166 /* DataManager.swift in Sources */ = {isa = PBXBuildFile; fileRef = 00434543254825AE009A6166 /* DataManager.swift */; };
		00434549254828F6009A6166 /* DoneeSignup.swift in Sources */ = {isa = PBXBuildFile; fileRef = 00434548254828F6009A6166 /* DoneeSignup.swift */; };
		0043454D2548302A009A6166 /* User.swift in Sources */ = {isa = PBXBuildFile; fileRef = 0043454A2548302A009A6166 /* User.swift */; };
		0043454E2548302A009A6166 /* Users.swift in Sources */ = {isa = PBXBuildFile; fileRef = 0043454B2548302A009A6166 /* Users.swift */; };
		0043454F2548302A009A6166 /* UserData.swift in Sources */ = {isa = PBXBuildFile; fileRef = 0043454C2548302A009A6166 /* UserData.swift */; };
		0057BF75252F3276005E23E0 /* CodeVerificationViewController.swift in Sources */ = {isa = PBXBuildFile; fileRef = 0057BF73252F3276005E23E0 /* CodeVerificationViewController.swift */; };
		0057BF76252F3276005E23E0 /* CodeVerificationViewController.xib in Resources */ = {isa = PBXBuildFile; fileRef = 0057BF74252F3276005E23E0 /* CodeVerificationViewController.xib */; };
		0067A2BC25274C0900CECA8C /* AppDelegate.swift in Sources */ = {isa = PBXBuildFile; fileRef = 0067A2BB25274C0900CECA8C /* AppDelegate.swift */; };
		0067A2C825274C0B00CECA8C /* LaunchScreen.storyboard in Resources */ = {isa = PBXBuildFile; fileRef = 0067A2C625274C0B00CECA8C /* LaunchScreen.storyboard */; };
		0067A2D525274CAC00CECA8C /* LoginViewController.swift in Sources */ = {isa = PBXBuildFile; fileRef = 0067A2D325274CAC00CECA8C /* LoginViewController.swift */; };
		0067A2D625274CAC00CECA8C /* LoginViewController.xib in Resources */ = {isa = PBXBuildFile; fileRef = 0067A2D425274CAC00CECA8C /* LoginViewController.xib */; };
		0067A2D825274CE400CECA8C /* LoginViewModel.swift in Sources */ = {isa = PBXBuildFile; fileRef = 0067A2D725274CE400CECA8C /* LoginViewModel.swift */; };
		0067A2DA25274CF800CECA8C /* Login1.swift in Sources */ = {isa = PBXBuildFile; fileRef = 0067A2D925274CF800CECA8C /* Login1.swift */; };
		0067A2DD252753D100CECA8C /* APIService.swift in Sources */ = {isa = PBXBuildFile; fileRef = 0067A2DC252753D100CECA8C /* APIService.swift */; };
		0067A2E32529D2CD00CECA8C /* Utility.swift in Sources */ = {isa = PBXBuildFile; fileRef = 0067A2E22529D2CD00CECA8C /* Utility.swift */; };
		0067A2E62529D52B00CECA8C /* Constants.swift in Sources */ = {isa = PBXBuildFile; fileRef = 0067A2E52529D52B00CECA8C /* Constants.swift */; };
		0067A2F5252AEE0300CECA8C /* Lato-BlackItalic.ttf in Resources */ = {isa = PBXBuildFile; fileRef = 0067A2E8252AEE0200CECA8C /* Lato-BlackItalic.ttf */; };
		0067A2F6252AEE0300CECA8C /* Lato-Light.ttf in Resources */ = {isa = PBXBuildFile; fileRef = 0067A2E9252AEE0200CECA8C /* Lato-Light.ttf */; };
		0067A2F7252AEE0300CECA8C /* OFL.txt in Resources */ = {isa = PBXBuildFile; fileRef = 0067A2EA252AEE0300CECA8C /* OFL.txt */; };
		0067A2F8252AEE0300CECA8C /* Lato-Italic.ttf in Resources */ = {isa = PBXBuildFile; fileRef = 0067A2EB252AEE0300CECA8C /* Lato-Italic.ttf */; };
		0067A2F9252AEE0300CECA8C /* Lato-Bold.ttf in Resources */ = {isa = PBXBuildFile; fileRef = 0067A2EC252AEE0300CECA8C /* Lato-Bold.ttf */; };
		0067A2FA252AEE0300CECA8C /* Lato-Semibold.ttf in Resources */ = {isa = PBXBuildFile; fileRef = 0067A2ED252AEE0300CECA8C /* Lato-Semibold.ttf */; };
		0067A2FB252AEE0300CECA8C /* Lato-Thin.ttf in Resources */ = {isa = PBXBuildFile; fileRef = 0067A2EE252AEE0300CECA8C /* Lato-Thin.ttf */; };
		0067A2FC252AEE0300CECA8C /* Lato-LightItalic.ttf in Resources */ = {isa = PBXBuildFile; fileRef = 0067A2EF252AEE0300CECA8C /* Lato-LightItalic.ttf */; };
		0067A2FD252AEE0300CECA8C /* Lato-Medium.ttf in Resources */ = {isa = PBXBuildFile; fileRef = 0067A2F0252AEE0300CECA8C /* Lato-Medium.ttf */; };
		0067A2FE252AEE0300CECA8C /* Lato-BoldItalic.ttf in Resources */ = {isa = PBXBuildFile; fileRef = 0067A2F1252AEE0300CECA8C /* Lato-BoldItalic.ttf */; };
		0067A2FF252AEE0300CECA8C /* Lato-Black.ttf in Resources */ = {isa = PBXBuildFile; fileRef = 0067A2F2252AEE0300CECA8C /* Lato-Black.ttf */; };
		0067A300252AEE0300CECA8C /* Lato-Regular.ttf in Resources */ = {isa = PBXBuildFile; fileRef = 0067A2F3252AEE0300CECA8C /* Lato-Regular.ttf */; };
		0067A301252AEE0300CECA8C /* Lato-ThinItalic.ttf in Resources */ = {isa = PBXBuildFile; fileRef = 0067A2F4252AEE0300CECA8C /* Lato-ThinItalic.ttf */; };
		0067A317252AFC9E00CECA8C /* UITableView.swift in Sources */ = {isa = PBXBuildFile; fileRef = 0067A309252AFC9D00CECA8C /* UITableView.swift */; };
		0067A318252AFC9E00CECA8C /* UIDevice.swift in Sources */ = {isa = PBXBuildFile; fileRef = 0067A30A252AFC9D00CECA8C /* UIDevice.swift */; };
		0067A319252AFC9E00CECA8C /* Int.swift in Sources */ = {isa = PBXBuildFile; fileRef = 0067A30B252AFC9D00CECA8C /* Int.swift */; };
		0067A31A252AFC9E00CECA8C /* UICollectionView.swift in Sources */ = {isa = PBXBuildFile; fileRef = 0067A30C252AFC9D00CECA8C /* UICollectionView.swift */; };
		0067A31B252AFC9E00CECA8C /* TimeInterval.swift in Sources */ = {isa = PBXBuildFile; fileRef = 0067A30D252AFC9D00CECA8C /* TimeInterval.swift */; };
		0067A31C252AFC9E00CECA8C /* UITextField.swift in Sources */ = {isa = PBXBuildFile; fileRef = 0067A30E252AFC9E00CECA8C /* UITextField.swift */; };
		0067A31D252AFC9E00CECA8C /* UISlider.swift in Sources */ = {isa = PBXBuildFile; fileRef = 0067A30F252AFC9E00CECA8C /* UISlider.swift */; };
		0067A31E252AFC9E00CECA8C /* UIButton.swift in Sources */ = {isa = PBXBuildFile; fileRef = 0067A310252AFC9E00CECA8C /* UIButton.swift */; };
		0067A31F252AFC9E00CECA8C /* UIViewController.swift in Sources */ = {isa = PBXBuildFile; fileRef = 0067A311252AFC9E00CECA8C /* UIViewController.swift */; };
		0067A320252AFC9E00CECA8C /* UIView.swift in Sources */ = {isa = PBXBuildFile; fileRef = 0067A312252AFC9E00CECA8C /* UIView.swift */; };
		0067A321252AFC9E00CECA8C /* String.swift in Sources */ = {isa = PBXBuildFile; fileRef = 0067A313252AFC9E00CECA8C /* String.swift */; };
		0067A322252AFC9E00CECA8C /* UIImage.swift in Sources */ = {isa = PBXBuildFile; fileRef = 0067A314252AFC9E00CECA8C /* UIImage.swift */; };
		0067A323252AFC9E00CECA8C /* UILabel.swift in Sources */ = {isa = PBXBuildFile; fileRef = 0067A315252AFC9E00CECA8C /* UILabel.swift */; };
		0067A324252AFC9E00CECA8C /* UIFont.swift in Sources */ = {isa = PBXBuildFile; fileRef = 0067A316252AFC9E00CECA8C /* UIFont.swift */; };
		0067A328252AFDC900CECA8C /* SignUpViewController.swift in Sources */ = {isa = PBXBuildFile; fileRef = 0067A326252AFDC900CECA8C /* SignUpViewController.swift */; };
		0067A329252AFDC900CECA8C /* SignUpViewController.xib in Resources */ = {isa = PBXBuildFile; fileRef = 0067A327252AFDC900CECA8C /* SignUpViewController.xib */; };
		0067A33B252B91BA00CECA8C /* Assets.xcassets in Resources */ = {isa = PBXBuildFile; fileRef = 0067A33A252B91BA00CECA8C /* Assets.xcassets */; };
		0082AB1A25306A980004392A /* ForgotPasswordViewController.swift in Sources */ = {isa = PBXBuildFile; fileRef = 0082AB1825306A980004392A /* ForgotPasswordViewController.swift */; };
		0082AB1B25306A980004392A /* ForgotPasswordViewController.xib in Resources */ = {isa = PBXBuildFile; fileRef = 0082AB1925306A980004392A /* ForgotPasswordViewController.xib */; };
		116E22BE25678AE100F09AD9 /* GoogleService-Info.plist in Resources */ = {isa = PBXBuildFile; fileRef = 116E22BD25678AE100F09AD9 /* GoogleService-Info.plist */; };
		1875BC86265688EB00147EB8 /* BaseViewController.swift in Sources */ = {isa = PBXBuildFile; fileRef = 1875BC85265688EB00147EB8 /* BaseViewController.swift */; };
		1875BC8D265690A300147EB8 /* ContainerViewController.swift in Sources */ = {isa = PBXBuildFile; fileRef = 1875BC8B265690A300147EB8 /* ContainerViewController.swift */; };
		1875BC8E265690A300147EB8 /* ContainerViewController.xib in Resources */ = {isa = PBXBuildFile; fileRef = 1875BC8C265690A300147EB8 /* ContainerViewController.xib */; };
		1875BC90265690DA00147EB8 /* BaseNavigationViewController.swift in Sources */ = {isa = PBXBuildFile; fileRef = 1875BC8F265690D900147EB8 /* BaseNavigationViewController.swift */; };
		7EE8C32E64938164D4010348 /* Pods_Waste2x.framework in Frameworks */ = {isa = PBXBuildFile; fileRef = 3B929385FCC22CE667AFF2F3 /* Pods_Waste2x.framework */; };
/* End PBXBuildFile section */

/* Begin PBXFileReference section */
		0043453A254823FE009A6166 /* TSAPIClient.swift */ = {isa = PBXFileReference; fileEncoding = 4; lastKnownFileType = sourcecode.swift; path = TSAPIClient.swift; sourceTree = "<group>"; };
		0043453B254823FE009A6166 /* ApiResponseHandler.swift */ = {isa = PBXFileReference; fileEncoding = 4; lastKnownFileType = sourcecode.swift; path = ApiResponseHandler.swift; sourceTree = "<group>"; };
		0043453C254823FE009A6166 /* ApiClient.swift */ = {isa = PBXFileReference; fileEncoding = 4; lastKnownFileType = sourcecode.swift; path = ApiClient.swift; sourceTree = "<group>"; };
		0043453D254823FE009A6166 /* ApiClientHandler.swift */ = {isa = PBXFileReference; fileEncoding = 4; lastKnownFileType = sourcecode.swift; path = ApiClientHandler.swift; sourceTree = "<group>"; };
		00434543254825AE009A6166 /* DataManager.swift */ = {isa = PBXFileReference; lastKnownFileType = sourcecode.swift; path = DataManager.swift; sourceTree = "<group>"; };
		00434548254828F6009A6166 /* DoneeSignup.swift */ = {isa = PBXFileReference; fileEncoding = 4; lastKnownFileType = sourcecode.swift; path = DoneeSignup.swift; sourceTree = "<group>"; };
		0043454A2548302A009A6166 /* User.swift */ = {isa = PBXFileReference; fileEncoding = 4; lastKnownFileType = sourcecode.swift; path = User.swift; sourceTree = "<group>"; };
		0043454B2548302A009A6166 /* Users.swift */ = {isa = PBXFileReference; fileEncoding = 4; lastKnownFileType = sourcecode.swift; path = Users.swift; sourceTree = "<group>"; };
		0043454C2548302A009A6166 /* UserData.swift */ = {isa = PBXFileReference; fileEncoding = 4; lastKnownFileType = sourcecode.swift; path = UserData.swift; sourceTree = "<group>"; };
		0057BF73252F3276005E23E0 /* CodeVerificationViewController.swift */ = {isa = PBXFileReference; fileEncoding = 4; lastKnownFileType = sourcecode.swift; path = CodeVerificationViewController.swift; sourceTree = "<group>"; };
		0057BF74252F3276005E23E0 /* CodeVerificationViewController.xib */ = {isa = PBXFileReference; fileEncoding = 4; lastKnownFileType = file.xib; path = CodeVerificationViewController.xib; sourceTree = "<group>"; };
		0067A2B825274C0900CECA8C /* Waste2x.app */ = {isa = PBXFileReference; explicitFileType = wrapper.application; includeInIndex = 0; path = Waste2x.app; sourceTree = BUILT_PRODUCTS_DIR; };
		0067A2BB25274C0900CECA8C /* AppDelegate.swift */ = {isa = PBXFileReference; lastKnownFileType = sourcecode.swift; path = AppDelegate.swift; sourceTree = "<group>"; };
		0067A2C725274C0B00CECA8C /* Base */ = {isa = PBXFileReference; lastKnownFileType = file.storyboard; name = Base; path = Base.lproj/LaunchScreen.storyboard; sourceTree = "<group>"; };
		0067A2C925274C0B00CECA8C /* Info.plist */ = {isa = PBXFileReference; lastKnownFileType = text.plist.xml; path = Info.plist; sourceTree = "<group>"; };
		0067A2D325274CAC00CECA8C /* LoginViewController.swift */ = {isa = PBXFileReference; lastKnownFileType = sourcecode.swift; path = LoginViewController.swift; sourceTree = "<group>"; };
		0067A2D425274CAC00CECA8C /* LoginViewController.xib */ = {isa = PBXFileReference; lastKnownFileType = file.xib; path = LoginViewController.xib; sourceTree = "<group>"; };
		0067A2D725274CE400CECA8C /* LoginViewModel.swift */ = {isa = PBXFileReference; lastKnownFileType = sourcecode.swift; path = LoginViewModel.swift; sourceTree = "<group>"; };
		0067A2D925274CF800CECA8C /* Login1.swift */ = {isa = PBXFileReference; lastKnownFileType = sourcecode.swift; path = Login1.swift; sourceTree = "<group>"; };
		0067A2DC252753D100CECA8C /* APIService.swift */ = {isa = PBXFileReference; lastKnownFileType = sourcecode.swift; path = APIService.swift; sourceTree = "<group>"; };
		0067A2E22529D2CD00CECA8C /* Utility.swift */ = {isa = PBXFileReference; fileEncoding = 4; lastKnownFileType = sourcecode.swift; path = Utility.swift; sourceTree = "<group>"; };
		0067A2E52529D52B00CECA8C /* Constants.swift */ = {isa = PBXFileReference; lastKnownFileType = sourcecode.swift; path = Constants.swift; sourceTree = "<group>"; };
		0067A2E8252AEE0200CECA8C /* Lato-BlackItalic.ttf */ = {isa = PBXFileReference; lastKnownFileType = file; path = "Lato-BlackItalic.ttf"; sourceTree = "<group>"; };
		0067A2E9252AEE0200CECA8C /* Lato-Light.ttf */ = {isa = PBXFileReference; lastKnownFileType = file; path = "Lato-Light.ttf"; sourceTree = "<group>"; };
		0067A2EA252AEE0300CECA8C /* OFL.txt */ = {isa = PBXFileReference; fileEncoding = 4; lastKnownFileType = text; path = OFL.txt; sourceTree = "<group>"; };
		0067A2EB252AEE0300CECA8C /* Lato-Italic.ttf */ = {isa = PBXFileReference; lastKnownFileType = file; path = "Lato-Italic.ttf"; sourceTree = "<group>"; };
		0067A2EC252AEE0300CECA8C /* Lato-Bold.ttf */ = {isa = PBXFileReference; lastKnownFileType = file; path = "Lato-Bold.ttf"; sourceTree = "<group>"; };
		0067A2ED252AEE0300CECA8C /* Lato-Semibold.ttf */ = {isa = PBXFileReference; lastKnownFileType = file; path = "Lato-Semibold.ttf"; sourceTree = "<group>"; };
		0067A2EE252AEE0300CECA8C /* Lato-Thin.ttf */ = {isa = PBXFileReference; lastKnownFileType = file; path = "Lato-Thin.ttf"; sourceTree = "<group>"; };
		0067A2EF252AEE0300CECA8C /* Lato-LightItalic.ttf */ = {isa = PBXFileReference; lastKnownFileType = file; path = "Lato-LightItalic.ttf"; sourceTree = "<group>"; };
		0067A2F0252AEE0300CECA8C /* Lato-Medium.ttf */ = {isa = PBXFileReference; lastKnownFileType = file; path = "Lato-Medium.ttf"; sourceTree = "<group>"; };
		0067A2F1252AEE0300CECA8C /* Lato-BoldItalic.ttf */ = {isa = PBXFileReference; lastKnownFileType = file; path = "Lato-BoldItalic.ttf"; sourceTree = "<group>"; };
		0067A2F2252AEE0300CECA8C /* Lato-Black.ttf */ = {isa = PBXFileReference; lastKnownFileType = file; path = "Lato-Black.ttf"; sourceTree = "<group>"; };
		0067A2F3252AEE0300CECA8C /* Lato-Regular.ttf */ = {isa = PBXFileReference; lastKnownFileType = file; path = "Lato-Regular.ttf"; sourceTree = "<group>"; };
		0067A2F4252AEE0300CECA8C /* Lato-ThinItalic.ttf */ = {isa = PBXFileReference; lastKnownFileType = file; path = "Lato-ThinItalic.ttf"; sourceTree = "<group>"; };
		0067A309252AFC9D00CECA8C /* UITableView.swift */ = {isa = PBXFileReference; fileEncoding = 4; lastKnownFileType = sourcecode.swift; path = UITableView.swift; sourceTree = "<group>"; };
		0067A30A252AFC9D00CECA8C /* UIDevice.swift */ = {isa = PBXFileReference; fileEncoding = 4; lastKnownFileType = sourcecode.swift; path = UIDevice.swift; sourceTree = "<group>"; };
		0067A30B252AFC9D00CECA8C /* Int.swift */ = {isa = PBXFileReference; fileEncoding = 4; lastKnownFileType = sourcecode.swift; path = Int.swift; sourceTree = "<group>"; };
		0067A30C252AFC9D00CECA8C /* UICollectionView.swift */ = {isa = PBXFileReference; fileEncoding = 4; lastKnownFileType = sourcecode.swift; path = UICollectionView.swift; sourceTree = "<group>"; };
		0067A30D252AFC9D00CECA8C /* TimeInterval.swift */ = {isa = PBXFileReference; fileEncoding = 4; lastKnownFileType = sourcecode.swift; path = TimeInterval.swift; sourceTree = "<group>"; };
		0067A30E252AFC9E00CECA8C /* UITextField.swift */ = {isa = PBXFileReference; fileEncoding = 4; lastKnownFileType = sourcecode.swift; path = UITextField.swift; sourceTree = "<group>"; };
		0067A30F252AFC9E00CECA8C /* UISlider.swift */ = {isa = PBXFileReference; fileEncoding = 4; lastKnownFileType = sourcecode.swift; path = UISlider.swift; sourceTree = "<group>"; };
		0067A310252AFC9E00CECA8C /* UIButton.swift */ = {isa = PBXFileReference; fileEncoding = 4; lastKnownFileType = sourcecode.swift; path = UIButton.swift; sourceTree = "<group>"; };
		0067A311252AFC9E00CECA8C /* UIViewController.swift */ = {isa = PBXFileReference; fileEncoding = 4; lastKnownFileType = sourcecode.swift; path = UIViewController.swift; sourceTree = "<group>"; };
		0067A312252AFC9E00CECA8C /* UIView.swift */ = {isa = PBXFileReference; fileEncoding = 4; lastKnownFileType = sourcecode.swift; path = UIView.swift; sourceTree = "<group>"; };
		0067A313252AFC9E00CECA8C /* String.swift */ = {isa = PBXFileReference; fileEncoding = 4; lastKnownFileType = sourcecode.swift; path = String.swift; sourceTree = "<group>"; };
		0067A314252AFC9E00CECA8C /* UIImage.swift */ = {isa = PBXFileReference; fileEncoding = 4; lastKnownFileType = sourcecode.swift; path = UIImage.swift; sourceTree = "<group>"; };
		0067A315252AFC9E00CECA8C /* UILabel.swift */ = {isa = PBXFileReference; fileEncoding = 4; lastKnownFileType = sourcecode.swift; path = UILabel.swift; sourceTree = "<group>"; };
		0067A316252AFC9E00CECA8C /* UIFont.swift */ = {isa = PBXFileReference; fileEncoding = 4; lastKnownFileType = sourcecode.swift; path = UIFont.swift; sourceTree = "<group>"; };
		0067A326252AFDC900CECA8C /* SignUpViewController.swift */ = {isa = PBXFileReference; lastKnownFileType = sourcecode.swift; path = SignUpViewController.swift; sourceTree = "<group>"; };
		0067A327252AFDC900CECA8C /* SignUpViewController.xib */ = {isa = PBXFileReference; lastKnownFileType = file.xib; path = SignUpViewController.xib; sourceTree = "<group>"; };
		0067A33A252B91BA00CECA8C /* Assets.xcassets */ = {isa = PBXFileReference; lastKnownFileType = folder.assetcatalog; path = Assets.xcassets; sourceTree = "<group>"; };
		0082AB1825306A980004392A /* ForgotPasswordViewController.swift */ = {isa = PBXFileReference; lastKnownFileType = sourcecode.swift; path = ForgotPasswordViewController.swift; sourceTree = "<group>"; };
		0082AB1925306A980004392A /* ForgotPasswordViewController.xib */ = {isa = PBXFileReference; lastKnownFileType = file.xib; path = ForgotPasswordViewController.xib; sourceTree = "<group>"; };
		116E22BD25678AE100F09AD9 /* GoogleService-Info.plist */ = {isa = PBXFileReference; fileEncoding = 4; lastKnownFileType = text.plist.xml; path = "GoogleService-Info.plist"; sourceTree = "<group>"; };
		1875BC85265688EB00147EB8 /* BaseViewController.swift */ = {isa = PBXFileReference; lastKnownFileType = sourcecode.swift; path = BaseViewController.swift; sourceTree = "<group>"; };
		1875BC8B265690A300147EB8 /* ContainerViewController.swift */ = {isa = PBXFileReference; fileEncoding = 4; lastKnownFileType = sourcecode.swift; name = ContainerViewController.swift; path = ../../../../../ContainerView/ContainerView/ContainerView/ContainerViewController.swift; sourceTree = "<group>"; };
		1875BC8C265690A300147EB8 /* ContainerViewController.xib */ = {isa = PBXFileReference; fileEncoding = 4; lastKnownFileType = file.xib; name = ContainerViewController.xib; path = ../../../../../ContainerView/ContainerView/ContainerView/ContainerViewController.xib; sourceTree = "<group>"; };
		1875BC8F265690D900147EB8 /* BaseNavigationViewController.swift */ = {isa = PBXFileReference; fileEncoding = 4; lastKnownFileType = sourcecode.swift; path = BaseNavigationViewController.swift; sourceTree = "<group>"; };
		3B929385FCC22CE667AFF2F3 /* Pods_Waste2x.framework */ = {isa = PBXFileReference; explicitFileType = wrapper.framework; includeInIndex = 0; path = Pods_Waste2x.framework; sourceTree = BUILT_PRODUCTS_DIR; };
		487A45C5B808F30CEEB9EF52 /* Pods-Waste2x.release.xcconfig */ = {isa = PBXFileReference; includeInIndex = 1; lastKnownFileType = text.xcconfig; name = "Pods-Waste2x.release.xcconfig"; path = "Target Support Files/Pods-Waste2x/Pods-Waste2x.release.xcconfig"; sourceTree = "<group>"; };
		640E60CA2110EB97FC261AA9 /* Pods-Waste2x.debug.xcconfig */ = {isa = PBXFileReference; includeInIndex = 1; lastKnownFileType = text.xcconfig; name = "Pods-Waste2x.debug.xcconfig"; path = "Target Support Files/Pods-Waste2x/Pods-Waste2x.debug.xcconfig"; sourceTree = "<group>"; };
/* End PBXFileReference section */

/* Begin PBXFrameworksBuildPhase section */
		0067A2B525274C0900CECA8C /* Frameworks */ = {
			isa = PBXFrameworksBuildPhase;
			buildActionMask = 2147483647;
			files = (
				7EE8C32E64938164D4010348 /* Pods_Waste2x.framework in Frameworks */,
			);
			runOnlyForDeploymentPostprocessing = 0;
		};
/* End PBXFrameworksBuildPhase section */

/* Begin PBXGroup section */
		004345422548254E009A6166 /* Data Manager */ = {
			isa = PBXGroup;
			children = (
				00434543254825AE009A6166 /* DataManager.swift */,
			);
			path = "Data Manager";
			sourceTree = "<group>";
		};
		00434545254826ED009A6166 /* Donee SignUp */ = {
			isa = PBXGroup;
			children = (
				00434548254828F6009A6166 /* DoneeSignup.swift */,
			);
			path = "Donee SignUp";
			sourceTree = "<group>";
		};
		0057BF72252F3202005E23E0 /* Code Verification */ = {
			isa = PBXGroup;
			children = (
				0057BF73252F3276005E23E0 /* CodeVerificationViewController.swift */,
				0057BF74252F3276005E23E0 /* CodeVerificationViewController.xib */,
			);
			path = "Code Verification";
			sourceTree = "<group>";
		};
		0067A2AF25274C0900CECA8C = {
			isa = PBXGroup;
			children = (
				0067A2BA25274C0900CECA8C /* Waste2x */,
				0067A2B925274C0900CECA8C /* Products */,
				8492EB8B64134913AA029EFA /* Pods */,
				95D70C71A89CCE9F04940F7A /* Frameworks */,
			);
			sourceTree = "<group>";
		};
		0067A2B925274C0900CECA8C /* Products */ = {
			isa = PBXGroup;
			children = (
				0067A2B825274C0900CECA8C /* Waste2x.app */,
			);
			name = Products;
			sourceTree = "<group>";
		};
		0067A2BA25274C0900CECA8C /* Waste2x */ = {
			isa = PBXGroup;
			children = (
				0067A305252AF7FA00CECA8C /* Classes */,
				0067A306252AF82500CECA8C /* Resources */,
				0067A2E7252AEDEC00CECA8C /* Fonts */,
				116E22BD25678AE100F09AD9 /* GoogleService-Info.plist */,
				0067A2C625274C0B00CECA8C /* LaunchScreen.storyboard */,
				0067A2C925274C0B00CECA8C /* Info.plist */,
			);
			path = Waste2x;
			sourceTree = "<group>";
		};
		0067A2CF25274C4800CECA8C /* Models */ = {
			isa = PBXGroup;
			children = (
				00434545254826ED009A6166 /* Donee SignUp */,
				0067A307252AFBAF00CECA8C /* Login */,
			);
			path = Models;
			sourceTree = "<group>";
		};
		0067A2D025274C5100CECA8C /* Controllers */ = {
			isa = PBXGroup;
			children = (
				1875BC842656889900147EB8 /* Home */,
				0067A2DE2527549400CECA8C /* Onboarding */,
			);
			path = Controllers;
			sourceTree = "<group>";
		};
		0067A2D225274C6E00CECA8C /* Application */ = {
			isa = PBXGroup;
			children = (
				0067A2BB25274C0900CECA8C /* AppDelegate.swift */,
			);
			path = Application;
			sourceTree = "<group>";
		};
		0067A2DB252753BF00CECA8C /* Networking */ = {
			isa = PBXGroup;
			children = (
				0043453C254823FE009A6166 /* ApiClient.swift */,
				0043453D254823FE009A6166 /* ApiClientHandler.swift */,
				0043453B254823FE009A6166 /* ApiResponseHandler.swift */,
				0043453A254823FE009A6166 /* TSAPIClient.swift */,
				0067A2DC252753D100CECA8C /* APIService.swift */,
			);
			path = Networking;
			sourceTree = "<group>";
		};
		0067A2DE2527549400CECA8C /* Onboarding */ = {
			isa = PBXGroup;
			children = (
				0067A2DF2527549C00CECA8C /* Login */,
				0067A325252AFDAD00CECA8C /* SignUp */,
				0082AB1725306A6A0004392A /* Forgot Password */,
			);
			path = Onboarding;
			sourceTree = "<group>";
		};
		0067A2DF2527549C00CECA8C /* Login */ = {
			isa = PBXGroup;
			children = (
				0067A2E0252754BC00CECA8C /* ViewModel */,
				0067A2D325274CAC00CECA8C /* LoginViewController.swift */,
				0067A2D425274CAC00CECA8C /* LoginViewController.xib */,
			);
			path = Login;
			sourceTree = "<group>";
		};
		0067A2E0252754BC00CECA8C /* ViewModel */ = {
			isa = PBXGroup;
			children = (
				0067A2D725274CE400CECA8C /* LoginViewModel.swift */,
			);
			path = ViewModel;
			sourceTree = "<group>";
		};
		0067A2E12529D2A600CECA8C /* Utilities */ = {
			isa = PBXGroup;
			children = (
				0067A2E22529D2CD00CECA8C /* Utility.swift */,
			);
			path = Utilities;
			sourceTree = "<group>";
		};
		0067A2E42529D51500CECA8C /* Constants */ = {
			isa = PBXGroup;
			children = (
				0067A2E52529D52B00CECA8C /* Constants.swift */,
			);
			path = Constants;
			sourceTree = "<group>";
		};
		0067A2E7252AEDEC00CECA8C /* Fonts */ = {
			isa = PBXGroup;
			children = (
				0067A2F2252AEE0300CECA8C /* Lato-Black.ttf */,
				0067A2E8252AEE0200CECA8C /* Lato-BlackItalic.ttf */,
				0067A2EC252AEE0300CECA8C /* Lato-Bold.ttf */,
				0067A2F1252AEE0300CECA8C /* Lato-BoldItalic.ttf */,
				0067A2EB252AEE0300CECA8C /* Lato-Italic.ttf */,
				0067A2E9252AEE0200CECA8C /* Lato-Light.ttf */,
				0067A2EF252AEE0300CECA8C /* Lato-LightItalic.ttf */,
				0067A2F0252AEE0300CECA8C /* Lato-Medium.ttf */,
				0067A2F3252AEE0300CECA8C /* Lato-Regular.ttf */,
				0067A2ED252AEE0300CECA8C /* Lato-Semibold.ttf */,
				0067A2EE252AEE0300CECA8C /* Lato-Thin.ttf */,
				0067A2F4252AEE0300CECA8C /* Lato-ThinItalic.ttf */,
				0067A2EA252AEE0300CECA8C /* OFL.txt */,
			);
			path = Fonts;
			sourceTree = "<group>";
		};
		0067A305252AF7FA00CECA8C /* Classes */ = {
			isa = PBXGroup;
			children = (
				0067A2D225274C6E00CECA8C /* Application */,
				0067A2E42529D51500CECA8C /* Constants */,
				004345422548254E009A6166 /* Data Manager */,
				0067A2DB252753BF00CECA8C /* Networking */,
				0067A2CF25274C4800CECA8C /* Models */,
				0067A2D025274C5100CECA8C /* Controllers */,
				0067A308252AFC5000CECA8C /* Extensions */,
				00B01EA9252E0F4000BF0637 /* BaseClasses */,
				0067A2E12529D2A600CECA8C /* Utilities */,
			);
			path = Classes;
			sourceTree = "<group>";
		};
		0067A306252AF82500CECA8C /* Resources */ = {
			isa = PBXGroup;
			children = (
				0067A33A252B91BA00CECA8C /* Assets.xcassets */,
			);
			path = Resources;
			sourceTree = "<group>";
		};
		0067A307252AFBAF00CECA8C /* Login */ = {
			isa = PBXGroup;
			children = (
				0043454C2548302A009A6166 /* UserData.swift */,
				0043454B2548302A009A6166 /* Users.swift */,
				0043454A2548302A009A6166 /* User.swift */,
				0067A2D925274CF800CECA8C /* Login1.swift */,
			);
			path = Login;
			sourceTree = "<group>";
		};
		0067A308252AFC5000CECA8C /* Extensions */ = {
			isa = PBXGroup;
			children = (
				0067A30B252AFC9D00CECA8C /* Int.swift */,
				0067A313252AFC9E00CECA8C /* String.swift */,
				0067A30D252AFC9D00CECA8C /* TimeInterval.swift */,
				0067A310252AFC9E00CECA8C /* UIButton.swift */,
				0067A30C252AFC9D00CECA8C /* UICollectionView.swift */,
				0067A30A252AFC9D00CECA8C /* UIDevice.swift */,
				0067A316252AFC9E00CECA8C /* UIFont.swift */,
				0067A314252AFC9E00CECA8C /* UIImage.swift */,
				0067A315252AFC9E00CECA8C /* UILabel.swift */,
				0067A30F252AFC9E00CECA8C /* UISlider.swift */,
				0067A309252AFC9D00CECA8C /* UITableView.swift */,
				0067A30E252AFC9E00CECA8C /* UITextField.swift */,
				0067A312252AFC9E00CECA8C /* UIView.swift */,
				0067A311252AFC9E00CECA8C /* UIViewController.swift */,
			);
			path = Extensions;
			sourceTree = "<group>";
		};
		0067A325252AFDAD00CECA8C /* SignUp */ = {
			isa = PBXGroup;
			children = (
				0067A326252AFDC900CECA8C /* SignUpViewController.swift */,
				0067A327252AFDC900CECA8C /* SignUpViewController.xib */,
				0057BF72252F3202005E23E0 /* Code Verification */,
			);
			path = SignUp;
			sourceTree = "<group>";
		};
		0082AB1725306A6A0004392A /* Forgot Password */ = {
			isa = PBXGroup;
			children = (
				0082AB1825306A980004392A /* ForgotPasswordViewController.swift */,
				0082AB1925306A980004392A /* ForgotPasswordViewController.xib */,
			);
			path = "Forgot Password";
			sourceTree = "<group>";
		};
		00B01EA9252E0F4000BF0637 /* BaseClasses */ = {
			isa = PBXGroup;
			children = (
				1875BC8F265690D900147EB8 /* BaseNavigationViewController.swift */,
				1875BC85265688EB00147EB8 /* BaseViewController.swift */,
			);
			path = BaseClasses;
			sourceTree = "<group>";
		};
		1875BC842656889900147EB8 /* Home */ = {
			isa = PBXGroup;
			children = (
				1875BC8B265690A300147EB8 /* ContainerViewController.swift */,
				1875BC8C265690A300147EB8 /* ContainerViewController.xib */,
			);
			path = Home;
			sourceTree = "<group>";
		};
		8492EB8B64134913AA029EFA /* Pods */ = {
			isa = PBXGroup;
			children = (
				640E60CA2110EB97FC261AA9 /* Pods-Waste2x.debug.xcconfig */,
				487A45C5B808F30CEEB9EF52 /* Pods-Waste2x.release.xcconfig */,
			);
			path = Pods;
			sourceTree = "<group>";
		};
		95D70C71A89CCE9F04940F7A /* Frameworks */ = {
			isa = PBXGroup;
			children = (
				3B929385FCC22CE667AFF2F3 /* Pods_Waste2x.framework */,
			);
			name = Frameworks;
			sourceTree = "<group>";
		};
/* End PBXGroup section */

/* Begin PBXNativeTarget section */
		0067A2B725274C0900CECA8C /* Waste2x */ = {
			isa = PBXNativeTarget;
			buildConfigurationList = 0067A2CC25274C0B00CECA8C /* Build configuration list for PBXNativeTarget "Waste2x" */;
			buildPhases = (
				ABA028143E39697B41244AF7 /* [CP] Check Pods Manifest.lock */,
				0067A2B425274C0900CECA8C /* Sources */,
				0067A2B525274C0900CECA8C /* Frameworks */,
				0067A2B625274C0900CECA8C /* Resources */,
				1163EE37254AAA2E00D47148 /* ShellScript */,
				14577EBB16C28BC5FCDE44F4 /* [CP] Embed Pods Frameworks */,
			);
			buildRules = (
			);
			dependencies = (
			);
			name = Waste2x;
			productName = Doro;
			productReference = 0067A2B825274C0900CECA8C /* Waste2x.app */;
			productType = "com.apple.product-type.application";
		};
/* End PBXNativeTarget section */

/* Begin PBXProject section */
		0067A2B025274C0900CECA8C /* Project object */ = {
			isa = PBXProject;
			attributes = {
				LastSwiftUpdateCheck = 1160;
				LastUpgradeCheck = 1160;
				ORGANIZATIONNAME = codesrbit;
				TargetAttributes = {
					0067A2B725274C0900CECA8C = {
						CreatedOnToolsVersion = 11.6;
					};
				};
			};
			buildConfigurationList = 0067A2B325274C0900CECA8C /* Build configuration list for PBXProject "Waste2x" */;
			compatibilityVersion = "Xcode 9.3";
			developmentRegion = en;
			hasScannedForEncodings = 0;
			knownRegions = (
				en,
				Base,
			);
			mainGroup = 0067A2AF25274C0900CECA8C;
			productRefGroup = 0067A2B925274C0900CECA8C /* Products */;
			projectDirPath = "";
			projectRoot = "";
			targets = (
				0067A2B725274C0900CECA8C /* Waste2x */,
			);
		};
/* End PBXProject section */

/* Begin PBXResourcesBuildPhase section */
		0067A2B625274C0900CECA8C /* Resources */ = {
			isa = PBXResourcesBuildPhase;
			buildActionMask = 2147483647;
			files = (
				0067A2FF252AEE0300CECA8C /* Lato-Black.ttf in Resources */,
				116E22BE25678AE100F09AD9 /* GoogleService-Info.plist in Resources */,
				0067A2FC252AEE0300CECA8C /* Lato-LightItalic.ttf in Resources */,
				0067A2FD252AEE0300CECA8C /* Lato-Medium.ttf in Resources */,
				1875BC8E265690A300147EB8 /* ContainerViewController.xib in Resources */,
				0067A2F7252AEE0300CECA8C /* OFL.txt in Resources */,
				0067A2F8252AEE0300CECA8C /* Lato-Italic.ttf in Resources */,
				0067A301252AEE0300CECA8C /* Lato-ThinItalic.ttf in Resources */,
				0067A329252AFDC900CECA8C /* SignUpViewController.xib in Resources */,
				0057BF76252F3276005E23E0 /* CodeVerificationViewController.xib in Resources */,
				0082AB1B25306A980004392A /* ForgotPasswordViewController.xib in Resources */,
				0067A2FA252AEE0300CECA8C /* Lato-Semibold.ttf in Resources */,
				0067A2F6252AEE0300CECA8C /* Lato-Light.ttf in Resources */,
				0067A300252AEE0300CECA8C /* Lato-Regular.ttf in Resources */,
				0067A2F5252AEE0300CECA8C /* Lato-BlackItalic.ttf in Resources */,
				0067A2C825274C0B00CECA8C /* LaunchScreen.storyboard in Resources */,
				0067A33B252B91BA00CECA8C /* Assets.xcassets in Resources */,
				0067A2FB252AEE0300CECA8C /* Lato-Thin.ttf in Resources */,
				0067A2D625274CAC00CECA8C /* LoginViewController.xib in Resources */,
				0067A2F9252AEE0300CECA8C /* Lato-Bold.ttf in Resources */,
				0067A2FE252AEE0300CECA8C /* Lato-BoldItalic.ttf in Resources */,
			);
			runOnlyForDeploymentPostprocessing = 0;
		};
/* End PBXResourcesBuildPhase section */

/* Begin PBXShellScriptBuildPhase section */
		1163EE37254AAA2E00D47148 /* ShellScript */ = {
			isa = PBXShellScriptBuildPhase;
			buildActionMask = 2147483647;
			files = (
			);
			inputFileListPaths = (
			);
			inputPaths = (
			);
			outputFileListPaths = (
			);
			outputPaths = (
			);
			runOnlyForDeploymentPostprocessing = 0;
			shellPath = /bin/sh;
			shellScript = "# Type a script or drag a script file from your workspace to insert its path.\n";
		};
		14577EBB16C28BC5FCDE44F4 /* [CP] Embed Pods Frameworks */ = {
			isa = PBXShellScriptBuildPhase;
			buildActionMask = 2147483647;
			files = (
			);
			inputFileListPaths = (
				"${PODS_ROOT}/Target Support Files/Pods-Waste2x/Pods-Waste2x-frameworks-${CONFIGURATION}-input-files.xcfilelist",
			);
			name = "[CP] Embed Pods Frameworks";
			outputFileListPaths = (
				"${PODS_ROOT}/Target Support Files/Pods-Waste2x/Pods-Waste2x-frameworks-${CONFIGURATION}-output-files.xcfilelist",
			);
			runOnlyForDeploymentPostprocessing = 0;
			shellPath = /bin/sh;
			shellScript = "\"${PODS_ROOT}/Target Support Files/Pods-Waste2x/Pods-Waste2x-frameworks.sh\"\n";
			showEnvVarsInLog = 0;
		};
		ABA028143E39697B41244AF7 /* [CP] Check Pods Manifest.lock */ = {
			isa = PBXShellScriptBuildPhase;
			buildActionMask = 2147483647;
			files = (
			);
			inputFileListPaths = (
			);
			inputPaths = (
				"${PODS_PODFILE_DIR_PATH}/Podfile.lock",
				"${PODS_ROOT}/Manifest.lock",
			);
			name = "[CP] Check Pods Manifest.lock";
			outputFileListPaths = (
			);
			outputPaths = (
				"$(DERIVED_FILE_DIR)/Pods-Waste2x-checkManifestLockResult.txt",
			);
			runOnlyForDeploymentPostprocessing = 0;
			shellPath = /bin/sh;
			shellScript = "diff \"${PODS_PODFILE_DIR_PATH}/Podfile.lock\" \"${PODS_ROOT}/Manifest.lock\" > /dev/null\nif [ $? != 0 ] ; then\n    # print error to STDERR\n    echo \"error: The sandbox is not in sync with the Podfile.lock. Run 'pod install' or update your CocoaPods installation.\" >&2\n    exit 1\nfi\n# This output is used by Xcode 'outputs' to avoid re-running this script phase.\necho \"SUCCESS\" > \"${SCRIPT_OUTPUT_FILE_0}\"\n";
			showEnvVarsInLog = 0;
		};
/* End PBXShellScriptBuildPhase section */

/* Begin PBXSourcesBuildPhase section */
		0067A2B425274C0900CECA8C /* Sources */ = {
			isa = PBXSourcesBuildPhase;
			buildActionMask = 2147483647;
			files = (
				0067A328252AFDC900CECA8C /* SignUpViewController.swift in Sources */,
				0067A2DD252753D100CECA8C /* APIService.swift in Sources */,
				0067A31B252AFC9E00CECA8C /* TimeInterval.swift in Sources */,
				0067A318252AFC9E00CECA8C /* UIDevice.swift in Sources */,
				0067A2D525274CAC00CECA8C /* LoginViewController.swift in Sources */,
				0043454F2548302A009A6166 /* UserData.swift in Sources */,
				0067A2E32529D2CD00CECA8C /* Utility.swift in Sources */,
				1875BC86265688EB00147EB8 /* BaseViewController.swift in Sources */,
				0043454D2548302A009A6166 /* User.swift in Sources */,
				00434549254828F6009A6166 /* DoneeSignup.swift in Sources */,
				00434540254823FE009A6166 /* ApiClient.swift in Sources */,
				0043453E254823FE009A6166 /* TSAPIClient.swift in Sources */,
				0067A31E252AFC9E00CECA8C /* UIButton.swift in Sources */,
				0067A31C252AFC9E00CECA8C /* UITextField.swift in Sources */,
				0067A2BC25274C0900CECA8C /* AppDelegate.swift in Sources */,
				1875BC90265690DA00147EB8 /* BaseNavigationViewController.swift in Sources */,
				0067A2E62529D52B00CECA8C /* Constants.swift in Sources */,
				0067A317252AFC9E00CECA8C /* UITableView.swift in Sources */,
				0067A323252AFC9E00CECA8C /* UILabel.swift in Sources */,
				0057BF75252F3276005E23E0 /* CodeVerificationViewController.swift in Sources */,
				0067A319252AFC9E00CECA8C /* Int.swift in Sources */,
				0067A2D825274CE400CECA8C /* LoginViewModel.swift in Sources */,
				0067A321252AFC9E00CECA8C /* String.swift in Sources */,
				0067A31A252AFC9E00CECA8C /* UICollectionView.swift in Sources */,
				0067A320252AFC9E00CECA8C /* UIView.swift in Sources */,
				0067A31D252AFC9E00CECA8C /* UISlider.swift in Sources */,
				0082AB1A25306A980004392A /* ForgotPasswordViewController.swift in Sources */,
				00434544254825AE009A6166 /* DataManager.swift in Sources */,
				00434541254823FE009A6166 /* ApiClientHandler.swift in Sources */,
				0067A324252AFC9E00CECA8C /* UIFont.swift in Sources */,
				0067A322252AFC9E00CECA8C /* UIImage.swift in Sources */,
				0043454E2548302A009A6166 /* Users.swift in Sources */,
				0043453F254823FE009A6166 /* ApiResponseHandler.swift in Sources */,
				0067A31F252AFC9E00CECA8C /* UIViewController.swift in Sources */,
				1875BC8D265690A300147EB8 /* ContainerViewController.swift in Sources */,
				0067A2DA25274CF800CECA8C /* Login1.swift in Sources */,
			);
			runOnlyForDeploymentPostprocessing = 0;
		};
/* End PBXSourcesBuildPhase section */

/* Begin PBXVariantGroup section */
		0067A2C625274C0B00CECA8C /* LaunchScreen.storyboard */ = {
			isa = PBXVariantGroup;
			children = (
				0067A2C725274C0B00CECA8C /* Base */,
			);
			name = LaunchScreen.storyboard;
			sourceTree = "<group>";
		};
/* End PBXVariantGroup section */

/* Begin XCBuildConfiguration section */
		0067A2CA25274C0B00CECA8C /* Debug */ = {
			isa = XCBuildConfiguration;
			buildSettings = {
				ALWAYS_SEARCH_USER_PATHS = NO;
				CLANG_ANALYZER_NONNULL = YES;
				CLANG_ANALYZER_NUMBER_OBJECT_CONVERSION = YES_AGGRESSIVE;
				CLANG_CXX_LANGUAGE_STANDARD = "gnu++14";
				CLANG_CXX_LIBRARY = "libc++";
				CLANG_ENABLE_MODULES = YES;
				CLANG_ENABLE_OBJC_ARC = YES;
				CLANG_ENABLE_OBJC_WEAK = YES;
				CLANG_WARN_BLOCK_CAPTURE_AUTORELEASING = YES;
				CLANG_WARN_BOOL_CONVERSION = YES;
				CLANG_WARN_COMMA = YES;
				CLANG_WARN_CONSTANT_CONVERSION = YES;
				CLANG_WARN_DEPRECATED_OBJC_IMPLEMENTATIONS = YES;
				CLANG_WARN_DIRECT_OBJC_ISA_USAGE = YES_ERROR;
				CLANG_WARN_DOCUMENTATION_COMMENTS = YES;
				CLANG_WARN_EMPTY_BODY = YES;
				CLANG_WARN_ENUM_CONVERSION = YES;
				CLANG_WARN_INFINITE_RECURSION = YES;
				CLANG_WARN_INT_CONVERSION = YES;
				CLANG_WARN_NON_LITERAL_NULL_CONVERSION = YES;
				CLANG_WARN_OBJC_IMPLICIT_RETAIN_SELF = YES;
				CLANG_WARN_OBJC_LITERAL_CONVERSION = YES;
				CLANG_WARN_OBJC_ROOT_CLASS = YES_ERROR;
				CLANG_WARN_RANGE_LOOP_ANALYSIS = YES;
				CLANG_WARN_STRICT_PROTOTYPES = YES;
				CLANG_WARN_SUSPICIOUS_MOVE = YES;
				CLANG_WARN_UNGUARDED_AVAILABILITY = YES_AGGRESSIVE;
				CLANG_WARN_UNREACHABLE_CODE = YES;
				CLANG_WARN__DUPLICATE_METHOD_MATCH = YES;
				COPY_PHASE_STRIP = NO;
				DEBUG_INFORMATION_FORMAT = dwarf;
				ENABLE_STRICT_OBJC_MSGSEND = YES;
				ENABLE_TESTABILITY = YES;
				GCC_C_LANGUAGE_STANDARD = gnu11;
				GCC_DYNAMIC_NO_PIC = NO;
				GCC_NO_COMMON_BLOCKS = YES;
				GCC_OPTIMIZATION_LEVEL = 0;
				GCC_PREPROCESSOR_DEFINITIONS = (
					"DEBUG=1",
					"$(inherited)",
				);
				GCC_WARN_64_TO_32_BIT_CONVERSION = YES;
				GCC_WARN_ABOUT_RETURN_TYPE = YES_ERROR;
				GCC_WARN_UNDECLARED_SELECTOR = YES;
				GCC_WARN_UNINITIALIZED_AUTOS = YES_AGGRESSIVE;
				GCC_WARN_UNUSED_FUNCTION = YES;
				GCC_WARN_UNUSED_VARIABLE = YES;
				IPHONEOS_DEPLOYMENT_TARGET = 13.6;
				MTL_ENABLE_DEBUG_INFO = INCLUDE_SOURCE;
				MTL_FAST_MATH = YES;
				ONLY_ACTIVE_ARCH = YES;
				SDKROOT = iphoneos;
				SWIFT_ACTIVE_COMPILATION_CONDITIONS = DEBUG;
				SWIFT_OPTIMIZATION_LEVEL = "-Onone";
			};
			name = Debug;
		};
		0067A2CB25274C0B00CECA8C /* Release */ = {
			isa = XCBuildConfiguration;
			buildSettings = {
				ALWAYS_SEARCH_USER_PATHS = NO;
				CLANG_ANALYZER_NONNULL = YES;
				CLANG_ANALYZER_NUMBER_OBJECT_CONVERSION = YES_AGGRESSIVE;
				CLANG_CXX_LANGUAGE_STANDARD = "gnu++14";
				CLANG_CXX_LIBRARY = "libc++";
				CLANG_ENABLE_MODULES = YES;
				CLANG_ENABLE_OBJC_ARC = YES;
				CLANG_ENABLE_OBJC_WEAK = YES;
				CLANG_WARN_BLOCK_CAPTURE_AUTORELEASING = YES;
				CLANG_WARN_BOOL_CONVERSION = YES;
				CLANG_WARN_COMMA = YES;
				CLANG_WARN_CONSTANT_CONVERSION = YES;
				CLANG_WARN_DEPRECATED_OBJC_IMPLEMENTATIONS = YES;
				CLANG_WARN_DIRECT_OBJC_ISA_USAGE = YES_ERROR;
				CLANG_WARN_DOCUMENTATION_COMMENTS = YES;
				CLANG_WARN_EMPTY_BODY = YES;
				CLANG_WARN_ENUM_CONVERSION = YES;
				CLANG_WARN_INFINITE_RECURSION = YES;
				CLANG_WARN_INT_CONVERSION = YES;
				CLANG_WARN_NON_LITERAL_NULL_CONVERSION = YES;
				CLANG_WARN_OBJC_IMPLICIT_RETAIN_SELF = YES;
				CLANG_WARN_OBJC_LITERAL_CONVERSION = YES;
				CLANG_WARN_OBJC_ROOT_CLASS = YES_ERROR;
				CLANG_WARN_RANGE_LOOP_ANALYSIS = YES;
				CLANG_WARN_STRICT_PROTOTYPES = YES;
				CLANG_WARN_SUSPICIOUS_MOVE = YES;
				CLANG_WARN_UNGUARDED_AVAILABILITY = YES_AGGRESSIVE;
				CLANG_WARN_UNREACHABLE_CODE = YES;
				CLANG_WARN__DUPLICATE_METHOD_MATCH = YES;
				COPY_PHASE_STRIP = NO;
				DEBUG_INFORMATION_FORMAT = "dwarf-with-dsym";
				ENABLE_NS_ASSERTIONS = NO;
				ENABLE_STRICT_OBJC_MSGSEND = YES;
				GCC_C_LANGUAGE_STANDARD = gnu11;
				GCC_NO_COMMON_BLOCKS = YES;
				GCC_WARN_64_TO_32_BIT_CONVERSION = YES;
				GCC_WARN_ABOUT_RETURN_TYPE = YES_ERROR;
				GCC_WARN_UNDECLARED_SELECTOR = YES;
				GCC_WARN_UNINITIALIZED_AUTOS = YES_AGGRESSIVE;
				GCC_WARN_UNUSED_FUNCTION = YES;
				GCC_WARN_UNUSED_VARIABLE = YES;
				IPHONEOS_DEPLOYMENT_TARGET = 13.6;
				MTL_ENABLE_DEBUG_INFO = NO;
				MTL_FAST_MATH = YES;
				SDKROOT = iphoneos;
				SWIFT_COMPILATION_MODE = wholemodule;
				SWIFT_OPTIMIZATION_LEVEL = "-O";
				VALIDATE_PRODUCT = YES;
			};
			name = Release;
		};
		0067A2CD25274C0B00CECA8C /* Debug */ = {
			isa = XCBuildConfiguration;
			baseConfigurationReference = 640E60CA2110EB97FC261AA9 /* Pods-Waste2x.debug.xcconfig */;
			buildSettings = {
				ASSETCATALOG_COMPILER_APPICON_NAME = AppIcon;
				CODE_SIGN_IDENTITY = "iPhone Developer";
				CODE_SIGN_STYLE = Manual;
				CURRENT_PROJECT_VERSION = 1;
				DEVELOPMENT_TEAM = YBC6QZE5G7;
				INFOPLIST_FILE = Waste2x/Info.plist;
				IPHONEOS_DEPLOYMENT_TARGET = 12.0;
				LD_RUNPATH_SEARCH_PATHS = (
					"$(inherited)",
					"@executable_path/Frameworks",
				);
				PRODUCT_BUNDLE_IDENTIFIER = com.phaedra.waste2x;
				PRODUCT_NAME = "$(TARGET_NAME)";
				PROVISIONING_PROFILE_SPECIFIER = DORODev;
				SWIFT_VERSION = 5.0;
				TARGETED_DEVICE_FAMILY = 1;
			};
			name = Debug;
		};
		0067A2CE25274C0B00CECA8C /* Release */ = {
			isa = XCBuildConfiguration;
			baseConfigurationReference = 487A45C5B808F30CEEB9EF52 /* Pods-Waste2x.release.xcconfig */;
			buildSettings = {
				ASSETCATALOG_COMPILER_APPICON_NAME = AppIcon;
				CODE_SIGN_IDENTITY = "iPhone Distribution";
				CODE_SIGN_STYLE = Manual;
				CURRENT_PROJECT_VERSION = 1;
				DEVELOPMENT_TEAM = YBC6QZE5G7;
				INFOPLIST_FILE = Waste2x/Info.plist;
				IPHONEOS_DEPLOYMENT_TARGET = 12.0;
				LD_RUNPATH_SEARCH_PATHS = (
					"$(inherited)",
					"@executable_path/Frameworks",
				);
				PRODUCT_BUNDLE_IDENTIFIER = com.phaedra.waste2x;
				PRODUCT_NAME = "$(TARGET_NAME)";
				PROVISIONING_PROFILE_SPECIFIER = DOROAdhoc;
				SWIFT_VERSION = 5.0;
				TARGETED_DEVICE_FAMILY = 1;
			};
			name = Release;
		};
/* End XCBuildConfiguration section */

/* Begin XCConfigurationList section */
		0067A2B325274C0900CECA8C /* Build configuration list for PBXProject "Waste2x" */ = {
			isa = XCConfigurationList;
			buildConfigurations = (
				0067A2CA25274C0B00CECA8C /* Debug */,
				0067A2CB25274C0B00CECA8C /* Release */,
			);
			defaultConfigurationIsVisible = 0;
			defaultConfigurationName = Release;
		};
		0067A2CC25274C0B00CECA8C /* Build configuration list for PBXNativeTarget "Waste2x" */ = {
			isa = XCConfigurationList;
			buildConfigurations = (
				0067A2CD25274C0B00CECA8C /* Debug */,
				0067A2CE25274C0B00CECA8C /* Release */,
			);
			defaultConfigurationIsVisible = 0;
			defaultConfigurationName = Release;
		};
/* End XCConfigurationList section */
	};
	rootObject = 0067A2B025274C0900CECA8C /* Project object */;
}
