PODS:
  - Alamofire (4.9.1)
  - Firebase/CoreOnly (7.8.1):
    - FirebaseCore (= 7.8.0)
  - Firebase/Database (7.8.1):
    - Firebase/CoreOnly
    - FirebaseDatabase (~> 7.8.0)
  - Firebase/Messaging (7.8.1):
    - Firebase/CoreOnly
    - FirebaseMessaging (~> 7.8.0)
  - FirebaseCore (7.8.0):
    - FirebaseCoreDiagnostics (~> 7.4)
    - GoogleUtilities/Environment (~> 7.0)
    - GoogleUtilities/Logger (~> 7.0)
  - FirebaseCoreDiagnostics (7.11.0):
    - GoogleDataTransport (~> 8.4)
    - GoogleUtilities/Environment (~> 7.0)
    - GoogleUtilities/Logger (~> 7.0)
    - nanopb (~> 2.30908.0)
  - FirebaseDatabase (7.8.0):
    - FirebaseCore (~> 7.0)
    - leveldb-library (~> 1.22)
  - FirebaseInstallations (7.11.0):
    - FirebaseCore (~> 7.0)
    - GoogleUtilities/Environment (~> 7.0)
    - GoogleUtilities/UserDefaults (~> 7.0)
    - PromisesObjC (~> 1.2)
  - FirebaseInstanceID (7.11.0):
    - FirebaseCore (~> 7.0)
    - FirebaseInstallations (~> 7.0)
    - GoogleUtilities/Environment (~> 7.0)
    - GoogleUtilities/UserDefaults (~> 7.0)
  - FirebaseMessaging (7.8.0):
    - FirebaseCore (~> 7.0)
    - FirebaseInstanceID (~> 7.0)
    - GoogleUtilities/AppDelegateSwizzler (~> 7.0)
    - GoogleUtilities/Environment (~> 7.0)
    - GoogleUtilities/Reachability (~> 7.0)
    - GoogleUtilities/UserDefaults (~> 7.0)
  - FSCalendar (2.8.2)
  - GeoFire (4.2.0):
    - GeoFire/Database (= 4.2.0)
  - GeoFire/Database (4.2.0):
    - Firebase/Database (~> 7.8.0)
    - GeoFire/Utils
  - GeoFire/Utils (4.2.0)
  - GoogleDataTransport (8.4.0):
    - GoogleUtilities/Environment (~> 7.2)
    - nanopb (~> 2.30908.0)
    - PromisesObjC (~> 1.2)
  - GoogleMaps (5.0.0):
    - GoogleMaps/Maps (= 5.0.0)
  - GoogleMaps/Base (5.0.0)
  - GoogleMaps/Maps (5.0.0):
    - GoogleMaps/Base
  - GooglePlaces (5.0.0)
  - GoogleUtilities/AppDelegateSwizzler (7.4.1):
    - GoogleUtilities/Environment
    - GoogleUtilities/Logger
    - GoogleUtilities/Network
  - GoogleUtilities/Environment (7.4.1):
    - PromisesObjC (~> 1.2)
  - GoogleUtilities/Logger (7.4.1):
    - GoogleUtilities/Environment
  - GoogleUtilities/Network (7.4.1):
    - GoogleUtilities/Logger
    - "GoogleUtilities/NSData+zlib"
    - GoogleUtilities/Reachability
  - "GoogleUtilities/NSData+zlib (7.4.1)"
  - GoogleUtilities/Reachability (7.4.1):
    - GoogleUtilities/Logger
  - GoogleUtilities/UserDefaults (7.4.1):
    - GoogleUtilities/Logger
  - IQKeyboardManagerSwift (6.5.6)
  - leveldb-library (1.22.1)
  - nanopb (2.30908.0):
    - nanopb/decode (= 2.30908.0)
    - nanopb/encode (= 2.30908.0)
  - nanopb/decode (2.30908.0)
  - nanopb/encode (2.30908.0)
  - NVActivityIndicatorView (5.1.1):
    - NVActivityIndicatorView/Base (= 5.1.1)
  - NVActivityIndicatorView/Base (5.1.1)
  - ObjectMapper (3.5.3)
  - PromisesObjC (1.2.12)
  - SDWebImage (5.11.1):
    - SDWebImage/Core (= 5.11.1)
  - SDWebImage/Core (5.11.1)
  - SlideMenuControllerSwift (4.0.0)
  - StepIndicator (1.0.8)
  - YoutubePlayer-in-WKWebView (0.3.5)

DEPENDENCIES:
  - Alamofire (~> 4.2)
  - Firebase/Messaging
  - FSCalendar
  - GeoFire
  - GoogleMaps
  - GooglePlaces
  - IQKeyboardManagerSwift
  - NVActivityIndicatorView
  - ObjectMapper (~> 3.4)
  - SDWebImage
  - SlideMenuControllerSwift
  - StepIndicator (~> 1.0.8)
  - YoutubePlayer-in-WKWebView

SPEC REPOS:
  trunk:
    - Alamofire
    - Firebase
    - FirebaseCore
    - FirebaseCoreDiagnostics
    - FirebaseDatabase
    - FirebaseInstallations
    - FirebaseInstanceID
    - FirebaseMessaging
    - FSCalendar
    - GeoFire
    - GoogleDataTransport
    - GoogleMaps
    - GooglePlaces
    - GoogleUtilities
    - IQKeyboardManagerSwift
    - leveldb-library
    - nanopb
    - NVActivityIndicatorView
    - ObjectMapper
    - PromisesObjC
    - SDWebImage
    - SlideMenuControllerSwift
    - StepIndicator
    - YoutubePlayer-in-WKWebView

SPEC CHECKSUMS:
  Alamofire: 85e8a02c69d6020a0d734f6054870d7ecb75cf18
  Firebase: d59ad4129167f9f0d2a4f6c1f0c462254b6002c8
  FirebaseCore: 049029df3096e5c118917029be7da75ee16f3b1b
  FirebaseCoreDiagnostics: 68ad972f99206cef818230f3f3179d52ccfb7f8c
  FirebaseDatabase: f909d1448d4e7c4f5ef5acd1b8095f4bea9813ca
  FirebaseInstallations: a58d4f72ec5861840b84df489f2668d970df558a
  FirebaseInstanceID: ad5135045a498d7775903efd39762d2cdfa1be27
  FirebaseMessaging: 1d5cac3728c042d3d4700ecb56bbac893660a963
  FSCalendar: e6a2eb9c571bf0719ed797ef807e08426753c241
  GeoFire: 4a0d0c1d3e635278f3d95c1dc33ddaec858c64f7
  GoogleDataTransport: cd9db2180fcecd8da1b561aea31e3e56cf834aa7
  GoogleMaps: 600e5e69bdf7f4ed7cac4d6aa96c7ec08a5aa254
  GooglePlaces: 5d87ca13ed98b7a937e0d8bc7026f718c7263271
  GoogleUtilities: f8a43108b38a68eebe8b3540e1f4f2d28843ce20
  IQKeyboardManagerSwift: c7df9d2deb356c04522f5c4b7b6e4ce4d8ed94fe
  leveldb-library: 50c7b45cbd7bf543c81a468fe557a16ae3db8729
  nanopb: a0ba3315591a9ae0a16a309ee504766e90db0c96
  NVActivityIndicatorView: 1f6c5687f1171810aa27a3296814dc2d7dec3667
  ObjectMapper: 97111c97e054a6ee25917662106689f0b4127b37
  PromisesObjC: 3113f7f76903778cf4a0586bd1ab89329a0b7b97
  SDWebImage: a7f831e1a65eb5e285e3fb046a23fcfbf08e696d
  SlideMenuControllerSwift: 021d6318201c53d4d4d3710517d43d6c556c7dd0
  StepIndicator: 748b293f671355b021253f82031ac002f153dc81
  YoutubePlayer-in-WKWebView: cfbf46da51d7370662a695a8f351e5fa1d3e1008

PODFILE CHECKSUM: 84f81bee9d1a1a1eebba933f8507dd2a3113079b

COCOAPODS: 1.10.1
